<?xml version="1.0" encoding="utf-8"?>
<Project ToolsVersion="4.0" xmlns="http://schemas.microsoft.com/developer/msbuild/2003">
  <ItemGroup>
    <Filter Include="Source Files">
      <UniqueIdentifier>{4FC737F1-C7A5-4376-A066-2A32D752A2FF}</UniqueIdentifier>
      <Extensions>cpp;c;cc;cxx;def;odl;idl;hpj;bat;asm;asmx</Extensions>
    </Filter>
    <Filter Include="Header Files">
      <UniqueIdentifier>{93995380-89BD-4b04-88EB-625FBE52EBFB}</UniqueIdentifier>
      <Extensions>h;hh;hpp;hxx;hm;inl;inc;xsd</Extensions>
    </Filter>
    <Filter Include="Resource Files">
      <UniqueIdentifier>{67DA6AB6-F800-4c08-8B7A-83BB121AAD01}</UniqueIdentifier>
      <Extensions>rc;ico;cur;bmp;dlg;rc2;rct;bin;rgs;gif;jpg;jpeg;jpe;resx;tiff;tif;png;wav;mfcribbon-ms</Extensions>
    </Filter>
    <Filter Include="Header Files\XMLsupport">
      <UniqueIdentifier>{3981213a-edaf-450f-be83-f52f49585a4a}</UniqueIdentifier>
    </Filter>
    <Filter Include="Source Files\XMLsupport">
      <UniqueIdentifier>{9720607f-f84d-44b3-8162-06a3a72c8e8f}</UniqueIdentifier>
    </Filter>
    <Filter Include="Header Files\Framework">
      <UniqueIdentifier>{243ce006-7da2-486c-a3f8-48bc7c9c68f5}</UniqueIdentifier>
    </Filter>
    <Filter Include="Header Files\Objects">
      <UniqueIdentifier>{9c135d15-04fb-4fb2-ace8-e5d97fbeacb9}</UniqueIdentifier>
    </Filter>
    <Filter Include="Header Files\Objects\Simon">
      <UniqueIdentifier>{d0052918-794b-441d-a0b3-4f81322f5dcb}</UniqueIdentifier>
    </Filter>
    <Filter Include="Header Files\Objects\Enemy">
      <UniqueIdentifier>{0adb5d8c-7530-432c-a774-b74343138597}</UniqueIdentifier>
    </Filter>
    <Filter Include="Header Files\Objects\Weapon">
      <UniqueIdentifier>{a2293ccb-b672-4f82-9d38-b1c48ce658f8}</UniqueIdentifier>
    </Filter>
    <Filter Include="Header Files\Objects\Boss">
      <UniqueIdentifier>{f25aa70d-34cb-4fea-a4af-384f04c33fc8}</UniqueIdentifier>
    </Filter>
    <Filter Include="Header Files\Objects\Static">
      <UniqueIdentifier>{e34fec7b-352e-4948-a6e4-725a3d7ac4b3}</UniqueIdentifier>
    </Filter>
    <Filter Include="Header Files\Statemap">
      <UniqueIdentifier>{760f197f-80cb-4efd-9cb6-3be1b8b65ad4}</UniqueIdentifier>
    </Filter>
    <Filter Include="Header Files\Objects\Item">
      <UniqueIdentifier>{b2f6bf80-1e3b-4a5a-b32a-64e9f6f37db3}</UniqueIdentifier>
    </Filter>
    <Filter Include="Source Files\Framework">
      <UniqueIdentifier>{410fc3a8-edf2-44d4-8966-ee75ea97f577}</UniqueIdentifier>
    </Filter>
    <Filter Include="Source Files\Statemap">
      <UniqueIdentifier>{9373c618-79ea-4531-9f65-6490b5dc9238}</UniqueIdentifier>
    </Filter>
    <Filter Include="Source Files\Objects">
      <UniqueIdentifier>{64c8ee55-efcb-4b85-8e95-0d87f7c19f4c}</UniqueIdentifier>
    </Filter>
    <Filter Include="Source Files\Objects\Enemy">
      <UniqueIdentifier>{016e17ba-6d34-438d-ae64-5b7792521db9}</UniqueIdentifier>
    </Filter>
    <Filter Include="Source Files\Objects\Boss">
      <UniqueIdentifier>{a54afb0c-0534-424d-96cf-dc52266b485d}</UniqueIdentifier>
    </Filter>
    <Filter Include="Source Files\Objects\Item">
      <UniqueIdentifier>{5b701a90-4355-40e8-942b-a60897e90eec}</UniqueIdentifier>
    </Filter>
    <Filter Include="Source Files\Objects\Static">
      <UniqueIdentifier>{43643979-ff97-464a-885a-c161e5c56ad3}</UniqueIdentifier>
    </Filter>
    <Filter Include="Source Files\Objects\Weapon">
      <UniqueIdentifier>{f3e6bf54-1aec-49ba-9e35-45970c264127}</UniqueIdentifier>
    </Filter>
    <Filter Include="Source Files\Objects\Simon">
      <UniqueIdentifier>{9d68e36d-6761-4027-9761-eeba536925ca}</UniqueIdentifier>
    </Filter>
  </ItemGroup>
  <ItemGroup>
    <ClInclude Include="tinystr.h">
      <Filter>Header Files\XMLsupport</Filter>
    </ClInclude>
    <ClInclude Include="tinyxml.h">
      <Filter>Header Files\XMLsupport</Filter>
    </ClInclude>
    <ClInclude Include="Game.h">
      <Filter>Header Files\Framework</Filter>
    </ClInclude>
    <ClInclude Include="define.h">
      <Filter>Header Files\Framework</Filter>
    </ClInclude>
    <ClInclude Include="BatRed.h">
      <Filter>Header Files\Objects\Enemy</Filter>
    </ClInclude>
    <ClInclude Include="Merman.h">
      <Filter>Header Files\Objects\Enemy</Filter>
    </ClInclude>
    <ClInclude Include="Zombie.h">
      <Filter>Header Files\Objects\Enemy</Filter>
    </ClInclude>
    <ClInclude Include="Panther.h">
      <Filter>Header Files\Objects\Enemy</Filter>
    </ClInclude>
    <ClInclude Include="Mario.h">
      <Filter>Header Files\Objects\Simon</Filter>
    </ClInclude>
    <ClInclude Include="Whip.h">
      <Filter>Header Files\Objects\Weapon</Filter>
    </ClInclude>
    <ClInclude Include="Knife.h">
      <Filter>Header Files\Objects\Weapon</Filter>
    </ClInclude>
    <ClInclude Include="Axe.h">
      <Filter>Header Files\Objects\Weapon</Filter>
    </ClInclude>
    <ClInclude Include="BossBat.h">
      <Filter>Header Files\Objects\Boss</Filter>
    </ClInclude>
    <ClInclude Include="FireBall.h">
      <Filter>Header Files\Objects\Weapon</Filter>
    </ClInclude>
    <ClInclude Include="Candle.h">
      <Filter>Header Files\Objects\Static</Filter>
    </ClInclude>
    <ClInclude Include="CandleSmall.h">
      <Filter>Header Files\Objects\Static</Filter>
    </ClInclude>
    <ClInclude Include="LimitTransparent.h">
      <Filter>Header Files\Objects\Static</Filter>
    </ClInclude>
    <ClInclude Include="OStatis.h">
      <Filter>Header Files\Objects\Static</Filter>
    </ClInclude>
    <ClInclude Include="GameState.h">
      <Filter>Header Files\Framework</Filter>
    </ClInclude>
    <ClInclude Include="GameObject.h">
      <Filter>Header Files\Framework</Filter>
    </ClInclude>
    <ClInclude Include="Input.h">
      <Filter>Header Files\Framework</Filter>
    </ClInclude>
    <ClInclude Include="debug.h">
      <Filter>Header Files\Framework</Filter>
    </ClInclude>
    <ClInclude Include="Sprites.h">
      <Filter>Header Files\Framework</Filter>
    </ClInclude>
    <ClInclude Include="Textures.h">
      <Filter>Header Files\Framework</Filter>
    </ClInclude>
    <ClInclude Include="UI.h">
      <Filter>Header Files\Framework</Filter>
    </ClInclude>
    <ClInclude Include="TileMap.h">
      <Filter>Header Files\Framework</Filter>
    </ClInclude>
    <ClInclude Include="StateManager.h">
      <Filter>Header Files\Framework</Filter>
    </ClInclude>
    <ClInclude Include="StateOne.h">
      <Filter>Header Files\Statemap</Filter>
    </ClInclude>
    <ClInclude Include="StateTwo.h">
      <Filter>Header Files\Statemap</Filter>
    </ClInclude>
    <ClInclude Include="StateThree.h">
      <Filter>Header Files\Statemap</Filter>
    </ClInclude>
    <ClInclude Include="dxaudio.h">
      <Filter>Header Files\Framework</Filter>
    </ClInclude>
    <ClInclude Include="dsutil.h">
      <Filter>Header Files\Framework</Filter>
    </ClInclude>
    <ClInclude Include="Items.h">
      <Filter>Header Files\Objects\Item</Filter>
    </ClInclude>
    <ClInclude Include="SoundManager.h">
      <Filter>Header Files\Framework</Filter>
    </ClInclude>
    <ClInclude Include="Effect.h">
      <Filter>Header Files\Framework</Filter>
    </ClInclude>
    <ClInclude Include="BoxStair.h">
      <Filter>Header Files\Objects\Static</Filter>
    </ClInclude>
    <ClInclude Include="BoxChangeMap.h">
      <Filter>Header Files\Objects\Static</Filter>
    </ClInclude>
    <ClInclude Include="HolyWater.h">
      <Filter>Header Files\Objects\Weapon</Filter>
    </ClInclude>
    <ClInclude Include="StateMenu.h">
      <Filter>Header Files\Statemap</Filter>
    </ClInclude>
    <ClInclude Include="AniUI.h">
      <Filter>Header Files\Framework</Filter>
    </ClInclude>
    <ClInclude Include="StateIntro.h">
      <Filter>Header Files\Statemap</Filter>
    </ClInclude>
    <ClInclude Include="Door.h">
      <Filter>Header Files\Objects\Static</Filter>
    </ClInclude>
    <ClInclude Include="TextView.h">
      <Filter>Header Files\Framework</Filter>
    </ClInclude>
    <ClInclude Include="Grid.h">
      <Filter>Header Files\Framework</Filter>
    </ClInclude>
    <ClInclude Include="Brick.h">
      <Filter>Header Files\Objects\Static</Filter>
    </ClInclude>
    <ClInclude Include="BrickCell.h">
      <Filter>Header Files\Objects\Static</Filter>
    </ClInclude>
  </ItemGroup>
  <ItemGroup>
    <ClCompile Include="main.cpp">
      <Filter>Source Files</Filter>
    </ClCompile>
    <ClCompile Include="tinystr.cpp">
      <Filter>Source Files\XMLsupport</Filter>
    </ClCompile>
    <ClCompile Include="tinyxml.cpp">
      <Filter>Source Files\XMLsupport</Filter>
    </ClCompile>
    <ClCompile Include="tinyxmlerror.cpp">
      <Filter>Source Files\XMLsupport</Filter>
    </ClCompile>
    <ClCompile Include="tinyxmlparser.cpp">
      <Filter>Source Files\XMLsupport</Filter>
    </ClCompile>
    <ClCompile Include="debug.cpp">
      <Filter>Source Files\Framework</Filter>
    </ClCompile>
    <ClCompile Include="dsutil.cpp">
      <Filter>Source Files\Framework</Filter>
    </ClCompile>
    <ClCompile Include="dxaudio.cpp">
      <Filter>Source Files\Framework</Filter>
    </ClCompile>
    <ClCompile Include="Effect.cpp">
      <Filter>Source Files\Framework</Filter>
    </ClCompile>
    <ClCompile Include="Game.cpp">
      <Filter>Source Files\Framework</Filter>
    </ClCompile>
    <ClCompile Include="GameObject.cpp">
      <Filter>Source Files\Framework</Filter>
    </ClCompile>
    <ClCompile Include="GameState.cpp">
      <Filter>Source Files\Framework</Filter>
    </ClCompile>
    <ClCompile Include="Input.cpp">
      <Filter>Source Files\Framework</Filter>
    </ClCompile>
    <ClCompile Include="SoundManager.cpp">
      <Filter>Source Files\Framework</Filter>
    </ClCompile>
    <ClCompile Include="Sprites.cpp">
      <Filter>Source Files\Framework</Filter>
    </ClCompile>
    <ClCompile Include="StateManager.cpp">
      <Filter>Source Files\Framework</Filter>
    </ClCompile>
    <ClCompile Include="Textures.cpp">
      <Filter>Source Files\Framework</Filter>
    </ClCompile>
    <ClCompile Include="TileMap.cpp">
      <Filter>Source Files\Framework</Filter>
    </ClCompile>
    <ClCompile Include="UI.cpp">
      <Filter>Source Files\Framework</Filter>
    </ClCompile>
    <ClCompile Include="StateOne.cpp">
      <Filter>Source Files\Statemap</Filter>
    </ClCompile>
    <ClCompile Include="StateTwo.cpp">
      <Filter>Source Files\Statemap</Filter>
    </ClCompile>
    <ClCompile Include="StateThree.cpp">
      <Filter>Source Files\Statemap</Filter>
    </ClCompile>
    <ClCompile Include="Mario.cpp">
      <Filter>Source Files\Objects\Simon</Filter>
    </ClCompile>
    <ClCompile Include="Axe.cpp">
      <Filter>Source Files\Objects\Weapon</Filter>
    </ClCompile>
    <ClCompile Include="BatRed.cpp">
      <Filter>Source Files\Objects\Enemy</Filter>
    </ClCompile>
    <ClCompile Include="BossBat.cpp">
      <Filter>Source Files\Objects\Boss</Filter>
    </ClCompile>
    <ClCompile Include="BoxChangeMap.cpp">
      <Filter>Source Files\Objects\Static</Filter>
    </ClCompile>
    <ClCompile Include="BoxStair.cpp">
      <Filter>Source Files\Objects\Static</Filter>
    </ClCompile>
    <ClCompile Include="Candle.cpp">
      <Filter>Source Files\Objects\Static</Filter>
    </ClCompile>
    <ClCompile Include="CandleSmall.cpp">
      <Filter>Source Files\Objects\Static</Filter>
    </ClCompile>
    <ClCompile Include="FireBall.cpp">
      <Filter>Source Files\Objects\Weapon</Filter>
    </ClCompile>
    <ClCompile Include="Items.cpp">
      <Filter>Source Files\Objects\Item</Filter>
    </ClCompile>
    <ClCompile Include="Knife.cpp">
      <Filter>Source Files\Objects\Weapon</Filter>
    </ClCompile>
    <ClCompile Include="LimitTransparent.cpp">
      <Filter>Source Files\Objects\Static</Filter>
    </ClCompile>
    <ClCompile Include="Merman.cpp">
      <Filter>Source Files\Objects\Enemy</Filter>
    </ClCompile>
    <ClCompile Include="OStatis.cpp">
      <Filter>Source Files\Objects\Static</Filter>
    </ClCompile>
    <ClCompile Include="Panther.cpp">
      <Filter>Source Files\Objects\Enemy</Filter>
    </ClCompile>
    <ClCompile Include="Zombie.cpp">
      <Filter>Source Files\Objects\Enemy</Filter>
    </ClCompile>
    <ClCompile Include="Whip.cpp">
      <Filter>Source Files\Objects\Weapon</Filter>
    </ClCompile>
    <ClCompile Include="HolyWater.cpp">
      <Filter>Source Files\Objects\Weapon</Filter>
    </ClCompile>
    <ClCompile Include="StateMenu.cpp">
      <Filter>Source Files\Statemap</Filter>
    </ClCompile>
    <ClCompile Include="AniUI.cpp">
      <Filter>Source Files\Framework</Filter>
    </ClCompile>
    <ClCompile Include="StateIntro.cpp">
      <Filter>Source Files\Statemap</Filter>
    </ClCompile>
    <ClCompile Include="Door.cpp">
      <Filter>Source Files\Objects\Static</Filter>
    </ClCompile>
    <ClCompile Include="TextView.cpp">
      <Filter>Source Files\Framework</Filter>
    </ClCompile>
    <ClCompile Include="Grid.cpp">
      <Filter>Source Files\Framework</Filter>
    </ClCompile>
    <ClCompile Include="Brick.cpp">
      <Filter>Source Files\Objects\Static</Filter>
    </ClCompile>
    <ClCompile Include="BrickCell.cpp">
      <Filter>Source Files\Objects\Static</Filter>
    </ClCompile>
  </ItemGroup>
</Project>